
Microsoft Visual Studio Solution File, Format Version 12.00
# Visual Studio 15
Project("{FAE04EC0-301F-11D3-BF4B-00C04F79EFBC}") = "Assembly-CSharp-firstpass", "Assembly-CSharp-firstpass.csproj", "{C13EF3E2-E781-4BED-02AE-641BC5BF0937}"
EndProject
Project("{FAE04EC0-301F-11D3-BF4B-00C04F79EFBC}") = "Assembly-CSharp", "Assembly-CSharp.csproj", "{286F1895-DB90-5E60-7C01-980B0D6CAD43}"
EndProject
Global
	GlobalSection(SolutionConfigurationPlatforms) = preSolution
		Debug|Any CPU = Debug|Any CPU
		Release|Any CPU = Release|Any CPU
	EndGlobalSection
	GlobalSection(ProjectConfigurationPlatforms) = postSolution
		{C13EF3E2-E781-4BED-02AE-641BC5BF0937}.Debug|Any CPU.ActiveCfg = Debug|Any CPU
		{C13EF3E2-E781-4BED-02AE-641BC5BF0937}.Debug|Any CPU.Build.0 = Debug|Any CPU
		{C13EF3E2-E781-4BED-02AE-641BC5BF0937}.Release|Any CPU.ActiveCfg = Release|Any CPU
		{C13EF3E2-E781-4BED-02AE-641BC5BF0937}.Release|Any CPU.Build.0 = Release|Any CPU
		{286F1895-DB90-5E60-7C01-980B0D6CAD43}.Debug|Any CPU.ActiveCfg = Debug|Any CPU
		{286F1895-DB90-5E60-7C01-980B0D6CAD43}.Debug|Any CPU.Build.0 = Debug|Any CPU
		{286F1895-DB90-5E60-7C01-980B0D6CAD43}.Release|Any CPU.ActiveCfg = Release|Any CPU
		{286F1895-DB90-5E60-7C01-980B0D6CAD43}.Release|Any CPU.Build.0 = Release|Any CPU
	EndGlobalSection
	GlobalSection(SolutionProperties) = preSolution
		HideSolutionNode = FALSE
	EndGlobalSection
EndGlobal
